{
  "version": "3",
  "packages": {
    "specifiers": {
      "jsr:@hono/hono@^4.4.10": "jsr:@hono/hono@4.4.10",
      "jsr:@whyk/utils@^1.7.0": "jsr:@whyk/utils@1.7.0"
    },
    "jsr": {
      "@hono/hono@4.4.10": {
        "integrity": "410ae169532581e8fd34e473d41b989cc7cf81d01ab274ca6b49f8a6acd920ad"
      },
      "@whyk/utils@1.7.0": {
        "integrity": "47793b6fb5826d8a298fba68acf47419bb19f11ac6421d967077ae65dc56d45d"
      }
    }
  },
  "remote": {},
  "workspace": {
    "dependencies": [
      "jsr:@hono/hono@^4.4.10",
      "jsr:@std/assert@^0.226.0",
      "jsr:@whyk/utils@^1.7.0"
    ]
  }
}
